
Microsoft Visual Studio Solution File, Format Version 12.00
Project("{FAE04EC0-301F-11D3-BF4B-00C04F79EFBC}") = "MainLibrary", "MainLibrary\MainLibrary.csproj", "{B34717B8-DD75-4016-99F3-49285241ECA7}"
EndProject
Project("{FAE04EC0-301F-11D3-BF4B-00C04F79EFBC}") = "ConsoleApp", "ConsoleApp\ConsoleApp.csproj", "{1AF0AEDB-FD01-468A-9BAB-943AB6FEE91F}"
EndProject
Project("{FAE04EC0-301F-11D3-BF4B-00C04F79EFBC}") = "Tests", "Tests\Tests.csproj", "{9FF526E9-0A67-424B-9183-39A2630204A2}"
EndProject
Global
	GlobalSection(SolutionConfigurationPlatforms) = preSolution
		Debug|Any CPU = Debug|Any CPU
		Release|Any CPU = Release|Any CPU
	EndGlobalSection
	GlobalSection(ProjectConfigurationPlatforms) = postSolution
		{B34717B8-DD75-4016-99F3-49285241ECA7}.Debug|Any CPU.ActiveCfg = Debug|Any CPU
		{B34717B8-DD75-4016-99F3-49285241ECA7}.Debug|Any CPU.Build.0 = Debug|Any CPU
		{B34717B8-DD75-4016-99F3-49285241ECA7}.Release|Any CPU.ActiveCfg = Release|Any CPU
		{B34717B8-DD75-4016-99F3-49285241ECA7}.Release|Any CPU.Build.0 = Release|Any CPU
		{1AF0AEDB-FD01-468A-9BAB-943AB6FEE91F}.Debug|Any CPU.ActiveCfg = Debug|Any CPU
		{1AF0AEDB-FD01-468A-9BAB-943AB6FEE91F}.Debug|Any CPU.Build.0 = Debug|Any CPU
		{1AF0AEDB-FD01-468A-9BAB-943AB6FEE91F}.Release|Any CPU.ActiveCfg = Release|Any CPU
		{1AF0AEDB-FD01-468A-9BAB-943AB6FEE91F}.Release|Any CPU.Build.0 = Release|Any CPU
		{9FF526E9-0A67-424B-9183-39A2630204A2}.Debug|Any CPU.ActiveCfg = Debug|Any CPU
		{9FF526E9-0A67-424B-9183-39A2630204A2}.Debug|Any CPU.Build.0 = Debug|Any CPU
		{9FF526E9-0A67-424B-9183-39A2630204A2}.Release|Any CPU.ActiveCfg = Release|Any CPU
		{9FF526E9-0A67-424B-9183-39A2630204A2}.Release|Any CPU.Build.0 = Release|Any CPU
	EndGlobalSection
EndGlobal
