
Microsoft Visual Studio Solution File, Format Version 12.00
# Visual Studio 15
VisualStudioVersion = 15.0.28307.421
MinimumVisualStudioVersion = 10.0.40219.1
Project("{FAE04EC0-301F-11D3-BF4B-00C04F79EFBC}") = "TrianglesTask", "TrianglesTask\TrianglesTask.csproj", "{5FEAB239-960C-454B-83CD-B1A950C0874B}"
EndProject
Project("{FAE04EC0-301F-11D3-BF4B-00C04F79EFBC}") = "TrianglesTask.Tests", "TrianglesTask.Tests\TrianglesTask.Tests.csproj", "{1A989BB9-E170-41E4-9335-3719FA7508F2}"
EndProject
Global
	GlobalSection(SolutionConfigurationPlatforms) = preSolution
		Debug|Any CPU = Debug|Any CPU
		Release|Any CPU = Release|Any CPU
	EndGlobalSection
	GlobalSection(ProjectConfigurationPlatforms) = postSolution
		{5FEAB239-960C-454B-83CD-B1A950C0874B}.Debug|Any CPU.ActiveCfg = Debug|Any CPU
		{5FEAB239-960C-454B-83CD-B1A950C0874B}.Debug|Any CPU.Build.0 = Debug|Any CPU
		{5FEAB239-960C-454B-83CD-B1A950C0874B}.Release|Any CPU.ActiveCfg = Release|Any CPU
		{5FEAB239-960C-454B-83CD-B1A950C0874B}.Release|Any CPU.Build.0 = Release|Any CPU
		{1A989BB9-E170-41E4-9335-3719FA7508F2}.Debug|Any CPU.ActiveCfg = Debug|Any CPU
		{1A989BB9-E170-41E4-9335-3719FA7508F2}.Debug|Any CPU.Build.0 = Debug|Any CPU
		{1A989BB9-E170-41E4-9335-3719FA7508F2}.Release|Any CPU.ActiveCfg = Release|Any CPU
		{1A989BB9-E170-41E4-9335-3719FA7508F2}.Release|Any CPU.Build.0 = Release|Any CPU
	EndGlobalSection
	GlobalSection(SolutionProperties) = preSolution
		HideSolutionNode = FALSE
	EndGlobalSection
	GlobalSection(ExtensibilityGlobals) = postSolution
		SolutionGuid = {E8BABD97-64E2-46F2-B1EE-489BAC3144FB}
	EndGlobalSection
EndGlobal
